
Microsoft Visual Studio Solution File, Format Version 12.00
# Visual Studio Version 16
VisualStudioVersion = 16.0.33130.400
MinimumVisualStudioVersion = 10.0.40219.1
Project("{FAE04EC0-301F-11D3-BF4B-00C04F79EFBC}") = "All_programs", "All_programs\All_programs.csproj", "{CBBAFBCF-B88B-45C6-A665-05F6DB27323C}"
EndProject
Global
	GlobalSection(SolutionConfigurationPlatforms) = preSolution
		Debug|Any CPU = Debug|Any CPU
		Release|Any CPU = Release|Any CPU
	EndGlobalSection
	GlobalSection(ProjectConfigurationPlatforms) = postSolution
		{CBBAFBCF-B88B-45C6-A665-05F6DB27323C}.Debug|Any CPU.ActiveCfg = Debug|Any CPU
		{CBBAFBCF-B88B-45C6-A665-05F6DB27323C}.Debug|Any CPU.Build.0 = Debug|Any CPU
		{CBBAFBCF-B88B-45C6-A665-05F6DB27323C}.Release|Any CPU.ActiveCfg = Release|Any CPU
		{CBBAFBCF-B88B-45C6-A665-05F6DB27323C}.Release|Any CPU.Build.0 = Release|Any CPU
	EndGlobalSection
	GlobalSection(SolutionProperties) = preSolution
		HideSolutionNode = FALSE
	EndGlobalSection
	GlobalSection(ExtensibilityGlobals) = postSolution
		SolutionGuid = {E8E911BE-34AC-4DCD-B402-58B0CC8CC955}
	EndGlobalSection
EndGlobal
